// !$*UTF8*$!
{
	archiveVersion = 1;
	classes = {
	};
	objectVersion = 56;
	objects = {

/* Begin PBXBuildFile section */
		0E50F0EF29F60BC20015FAE1 /* Errors+extension.swift in Sources */ = {isa = PBXBuildFile; fileRef = 0E50F0EE29F60BC20015FAE1 /* Errors+extension.swift */; };
		0E65734B29F648B700D76A9C /* Errors.swift in Sources */ = {isa = PBXBuildFile; fileRef = 0E65734A29F648B700D76A9C /* Errors.swift */; };
		0E65734D29F648D900D76A9C /* Alarm.swift in Sources */ = {isa = PBXBuildFile; fileRef = 0E65734C29F648D900D76A9C /* Alarm.swift */; };
		0E65734F29F648F800D76A9C /* Grades.swift in Sources */ = {isa = PBXBuildFile; fileRef = 0E65734E29F648F800D76A9C /* Grades.swift */; };
		0E65735229F676D000D76A9C /* GradeHandle.swift in Sources */ = {isa = PBXBuildFile; fileRef = 0E65735129F676D000D76A9C /* GradeHandle.swift */; };
		0E65735429F676E600D76A9C /* StudentHandle.swift in Sources */ = {isa = PBXBuildFile; fileRef = 0E65735329F676E600D76A9C /* StudentHandle.swift */; };
		0E65735629F686A700D76A9C /* excuteMessage.swift in Sources */ = {isa = PBXBuildFile; fileRef = 0E65735529F686A700D76A9C /* excuteMessage.swift */; };
		0E65736029F69E8A00D76A9C /* MyCreditManagerTests.swift in Sources */ = {isa = PBXBuildFile; fileRef = 0E65735F29F69E8A00D76A9C /* MyCreditManagerTests.swift */; };
		0E65736229F69E8A00D76A9C /* MyCreditManagerTestsLaunchTests.swift in Sources */ = {isa = PBXBuildFile; fileRef = 0E65736129F69E8A00D76A9C /* MyCreditManagerTestsLaunchTests.swift */; };
		0E65736629F69F1C00D76A9C /* Alarm.swift in Sources */ = {isa = PBXBuildFile; fileRef = 0E65734C29F648D900D76A9C /* Alarm.swift */; };
		0E65736729F69F2600D76A9C /* main.swift in Sources */ = {isa = PBXBuildFile; fileRef = 0E978D4329F5F1FC0087F857 /* main.swift */; };
		0E978D4429F5F1FC0087F857 /* main.swift in Sources */ = {isa = PBXBuildFile; fileRef = 0E978D4329F5F1FC0087F857 /* main.swift */; };
/* End PBXBuildFile section */

/* Begin PBXCopyFilesBuildPhase section */
		0E978D3E29F5F1FC0087F857 /* CopyFiles */ = {
			isa = PBXCopyFilesBuildPhase;
			buildActionMask = 2147483647;
			dstPath = /usr/share/man/man1/;
			dstSubfolderSpec = 0;
			files = (
			);
			runOnlyForDeploymentPostprocessing = 1;
		};
/* End PBXCopyFilesBuildPhase section */

/* Begin PBXFileReference section */
		0E50F0EE29F60BC20015FAE1 /* Errors+extension.swift */ = {isa = PBXFileReference; lastKnownFileType = sourcecode.swift; path = "Errors+extension.swift"; sourceTree = "<group>"; };
		0E65734A29F648B700D76A9C /* Errors.swift */ = {isa = PBXFileReference; lastKnownFileType = sourcecode.swift; path = Errors.swift; sourceTree = "<group>"; };
		0E65734C29F648D900D76A9C /* Alarm.swift */ = {isa = PBXFileReference; lastKnownFileType = sourcecode.swift; path = Alarm.swift; sourceTree = "<group>"; };
		0E65734E29F648F800D76A9C /* Grades.swift */ = {isa = PBXFileReference; lastKnownFileType = sourcecode.swift; path = Grades.swift; sourceTree = "<group>"; };
		0E65735129F676D000D76A9C /* GradeHandle.swift */ = {isa = PBXFileReference; lastKnownFileType = sourcecode.swift; path = GradeHandle.swift; sourceTree = "<group>"; };
		0E65735329F676E600D76A9C /* StudentHandle.swift */ = {isa = PBXFileReference; lastKnownFileType = sourcecode.swift; path = StudentHandle.swift; sourceTree = "<group>"; };
		0E65735529F686A700D76A9C /* excuteMessage.swift */ = {isa = PBXFileReference; lastKnownFileType = sourcecode.swift; path = excuteMessage.swift; sourceTree = "<group>"; };
		0E65735D29F69E8A00D76A9C /* MyCreditManagerTests.xctest */ = {isa = PBXFileReference; explicitFileType = wrapper.cfbundle; includeInIndex = 0; path = MyCreditManagerTests.xctest; sourceTree = BUILT_PRODUCTS_DIR; };
		0E65735F29F69E8A00D76A9C /* MyCreditManagerTests.swift */ = {isa = PBXFileReference; lastKnownFileType = sourcecode.swift; path = MyCreditManagerTests.swift; sourceTree = "<group>"; };
		0E65736129F69E8A00D76A9C /* MyCreditManagerTestsLaunchTests.swift */ = {isa = PBXFileReference; lastKnownFileType = sourcecode.swift; path = MyCreditManagerTestsLaunchTests.swift; sourceTree = "<group>"; };
		0E978D4029F5F1FC0087F857 /* MyCreditManager */ = {isa = PBXFileReference; explicitFileType = "compiled.mach-o.executable"; includeInIndex = 0; path = MyCreditManager; sourceTree = BUILT_PRODUCTS_DIR; };
		0E978D4329F5F1FC0087F857 /* main.swift */ = {isa = PBXFileReference; lastKnownFileType = sourcecode.swift; path = main.swift; sourceTree = "<group>"; };
/* End PBXFileReference section */

/* Begin PBXFrameworksBuildPhase section */
		0E65735A29F69E8A00D76A9C /* Frameworks */ = {
			isa = PBXFrameworksBuildPhase;
			buildActionMask = 2147483647;
			files = (
			);
			runOnlyForDeploymentPostprocessing = 0;
		};
		0E978D3D29F5F1FC0087F857 /* Frameworks */ = {
			isa = PBXFrameworksBuildPhase;
			buildActionMask = 2147483647;
			files = (
			);
			runOnlyForDeploymentPostprocessing = 0;
		};
/* End PBXFrameworksBuildPhase section */

/* Begin PBXGroup section */
		0E65734829F648A000D76A9C /* Extension */ = {
			isa = PBXGroup;
			children = (
				0E50F0EE29F60BC20015FAE1 /* Errors+extension.swift */,
			);
			path = Extension;
			sourceTree = "<group>";
		};
		0E65734929F648AD00D76A9C /* Enum */ = {
			isa = PBXGroup;
			children = (
				0E65735029F676C200D76A9C /* Handle */,
				0E65734A29F648B700D76A9C /* Errors.swift */,
				0E65734C29F648D900D76A9C /* Alarm.swift */,
				0E65734E29F648F800D76A9C /* Grades.swift */,
			);
			path = Enum;
			sourceTree = "<group>";
		};
		0E65735029F676C200D76A9C /* Handle */ = {
			isa = PBXGroup;
			children = (
				0E65735129F676D000D76A9C /* GradeHandle.swift */,
				0E65735329F676E600D76A9C /* StudentHandle.swift */,
			);
			path = Handle;
			sourceTree = "<group>";
		};
		0E65735729F686BA00D76A9C /* Massge */ = {
			isa = PBXGroup;
			children = (
				0E65735529F686A700D76A9C /* excuteMessage.swift */,
			);
			path = Massge;
			sourceTree = "<group>";
		};
		0E65735829F6872B00D76A9C /* Main */ = {
			isa = PBXGroup;
			children = (
				0E978D4329F5F1FC0087F857 /* main.swift */,
			);
			path = Main;
			sourceTree = "<group>";
		};
		0E65735E29F69E8A00D76A9C /* MyCreditManagerTests */ = {
			isa = PBXGroup;
			children = (
				0E65735F29F69E8A00D76A9C /* MyCreditManagerTests.swift */,
				0E65736129F69E8A00D76A9C /* MyCreditManagerTestsLaunchTests.swift */,
			);
			path = MyCreditManagerTests;
			sourceTree = "<group>";
		};
		0E978D3729F5F1FC0087F857 = {
			isa = PBXGroup;
			children = (
				0E978D4229F5F1FC0087F857 /* MyCreditManager */,
				0E65735E29F69E8A00D76A9C /* MyCreditManagerTests */,
				0E978D4129F5F1FC0087F857 /* Products */,
			);
			sourceTree = "<group>";
		};
		0E978D4129F5F1FC0087F857 /* Products */ = {
			isa = PBXGroup;
			children = (
				0E978D4029F5F1FC0087F857 /* MyCreditManager */,
				0E65735D29F69E8A00D76A9C /* MyCreditManagerTests.xctest */,
			);
			name = Products;
			sourceTree = "<group>";
		};
		0E978D4229F5F1FC0087F857 /* MyCreditManager */ = {
			isa = PBXGroup;
			children = (
				0E65734929F648AD00D76A9C /* Enum */,
				0E65735729F686BA00D76A9C /* Massge */,
				0E65735829F6872B00D76A9C /* Main */,
				0E65734829F648A000D76A9C /* Extension */,
			);
			path = MyCreditManager;
			sourceTree = "<group>";
		};
/* End PBXGroup section */

/* Begin PBXNativeTarget section */
		0E65735C29F69E8A00D76A9C /* MyCreditManagerTests */ = {
			isa = PBXNativeTarget;
			buildConfigurationList = 0E65736329F69E8A00D76A9C /* Build configuration list for PBXNativeTarget "MyCreditManagerTests" */;
			buildPhases = (
				0E65735929F69E8A00D76A9C /* Sources */,
				0E65735A29F69E8A00D76A9C /* Frameworks */,
				0E65735B29F69E8A00D76A9C /* Resources */,
			);
			buildRules = (
			);
			dependencies = (
			);
			name = MyCreditManagerTests;
			productName = MyCreditManagerTests;
			productReference = 0E65735D29F69E8A00D76A9C /* MyCreditManagerTests.xctest */;
			productType = "com.apple.product-type.bundle.ui-testing";
		};
		0E978D3F29F5F1FC0087F857 /* MyCreditManager */ = {
			isa = PBXNativeTarget;
			buildConfigurationList = 0E978D4729F5F1FC0087F857 /* Build configuration list for PBXNativeTarget "MyCreditManager" */;
			buildPhases = (
				0E978D3C29F5F1FC0087F857 /* Sources */,
				0E978D3D29F5F1FC0087F857 /* Frameworks */,
				0E978D3E29F5F1FC0087F857 /* CopyFiles */,
			);
			buildRules = (
			);
			dependencies = (
			);
			name = MyCreditManager;
			productName = MyCreditManager;
			productReference = 0E978D4029F5F1FC0087F857 /* MyCreditManager */;
			productType = "com.apple.product-type.tool";
		};
/* End PBXNativeTarget section */

/* Begin PBXProject section */
		0E978D3829F5F1FC0087F857 /* Project object */ = {
			isa = PBXProject;
			attributes = {
				BuildIndependentTargetsInParallel = 1;
				LastSwiftUpdateCheck = 1430;
				LastUpgradeCheck = 1430;
				TargetAttributes = {
					0E65735C29F69E8A00D76A9C = {
						CreatedOnToolsVersion = 14.3;
					};
					0E978D3F29F5F1FC0087F857 = {
						CreatedOnToolsVersion = 14.3;
					};
				};
			};
			buildConfigurationList = 0E978D3B29F5F1FC0087F857 /* Build configuration list for PBXProject "MyCreditManager" */;
			compatibilityVersion = "Xcode 14.0";
			developmentRegion = en;
			hasScannedForEncodings = 0;
			knownRegions = (
				en,
				Base,
			);
			mainGroup = 0E978D3729F5F1FC0087F857;
			productRefGroup = 0E978D4129F5F1FC0087F857 /* Products */;
			projectDirPath = "";
			projectRoot = "";
			targets = (
				0E978D3F29F5F1FC0087F857 /* MyCreditManager */,
				0E65735C29F69E8A00D76A9C /* MyCreditManagerTests */,
			);
		};
/* End PBXProject section */

/* Begin PBXResourcesBuildPhase section */
		0E65735B29F69E8A00D76A9C /* Resources */ = {
			isa = PBXResourcesBuildPhase;
			buildActionMask = 2147483647;
			files = (
			);
			runOnlyForDeploymentPostprocessing = 0;
		};
/* End PBXResourcesBuildPhase section */

/* Begin PBXSourcesBuildPhase section */
		0E65735929F69E8A00D76A9C /* Sources */ = {
			isa = PBXSourcesBuildPhase;
			buildActionMask = 2147483647;
			files = (
				0E65736029F69E8A00D76A9C /* MyCreditManagerTests.swift in Sources */,
				0E65736229F69E8A00D76A9C /* MyCreditManagerTestsLaunchTests.swift in Sources */,
				0E65736729F69F2600D76A9C /* main.swift in Sources */,
				0E65736629F69F1C00D76A9C /* Alarm.swift in Sources */,
			);
			runOnlyForDeploymentPostprocessing = 0;
		};
		0E978D3C29F5F1FC0087F857 /* Sources */ = {
			isa = PBXSourcesBuildPhase;
			buildActionMask = 2147483647;
			files = (
				0E65734F29F648F800D76A9C /* Grades.swift in Sources */,
				0E65735629F686A700D76A9C /* excuteMessage.swift in Sources */,
				0E65735429F676E600D76A9C /* StudentHandle.swift in Sources */,
				0E50F0EF29F60BC20015FAE1 /* Errors+extension.swift in Sources */,
				0E65734B29F648B700D76A9C /* Errors.swift in Sources */,
				0E978D4429F5F1FC0087F857 /* main.swift in Sources */,
				0E65734D29F648D900D76A9C /* Alarm.swift in Sources */,
				0E65735229F676D000D76A9C /* GradeHandle.swift in Sources */,
			);
			runOnlyForDeploymentPostprocessing = 0;
		};
/* End PBXSourcesBuildPhase section */

/* Begin XCBuildConfiguration section */
		0E65736429F69E8A00D76A9C /* Debug */ = {
			isa = XCBuildConfiguration;
			buildSettings = {
				CODE_SIGN_STYLE = Automatic;
				CURRENT_PROJECT_VERSION = 1;
				DEVELOPMENT_TEAM = 92YDTRVDUA;
				GENERATE_INFOPLIST_FILE = YES;
				MARKETING_VERSION = 1.0;
				PRODUCT_BUNDLE_IDENTIFIER = com.MyCreditManagerTests;
				PRODUCT_NAME = "$(TARGET_NAME)";
				SWIFT_EMIT_LOC_STRINGS = NO;
				SWIFT_VERSION = 5.0;
			};
			name = Debug;
		};
		0E65736529F69E8A00D76A9C /* Release */ = {
			isa = XCBuildConfiguration;
			buildSettings = {
				CODE_SIGN_STYLE = Automatic;
				CURRENT_PROJECT_VERSION = 1;
				DEVELOPMENT_TEAM = 92YDTRVDUA;
				GENERATE_INFOPLIST_FILE = YES;
				MARKETING_VERSION = 1.0;
				PRODUCT_BUNDLE_IDENTIFIER = com.MyCreditManagerTests;
				PRODUCT_NAME = "$(TARGET_NAME)";
				SWIFT_EMIT_LOC_STRINGS = NO;
				SWIFT_VERSION = 5.0;
			};
			name = Release;
		};
		0E978D4529F5F1FC0087F857 /* Debug */ = {
			isa = XCBuildConfiguration;
			buildSettings = {
				ALWAYS_SEARCH_USER_PATHS = NO;
				CLANG_ANALYZER_NONNULL = YES;
				CLANG_ANALYZER_NUMBER_OBJECT_CONVERSION = YES_AGGRESSIVE;
				CLANG_CXX_LANGUAGE_STANDARD = "gnu++20";
				CLANG_ENABLE_MODULES = YES;
				CLANG_ENABLE_OBJC_ARC = YES;
				CLANG_ENABLE_OBJC_WEAK = YES;
				CLANG_WARN_BLOCK_CAPTURE_AUTORELEASING = YES;
				CLANG_WARN_BOOL_CONVERSION = YES;
				CLANG_WARN_COMMA = YES;
				CLANG_WARN_CONSTANT_CONVERSION = YES;
				CLANG_WARN_DEPRECATED_OBJC_IMPLEMENTATIONS = YES;
				CLANG_WARN_DIRECT_OBJC_ISA_USAGE = YES_ERROR;
				CLANG_WARN_DOCUMENTATION_COMMENTS = YES;
				CLANG_WARN_EMPTY_BODY = YES;
				CLANG_WARN_ENUM_CONVERSION = YES;
				CLANG_WARN_INFINITE_RECURSION = YES;
				CLANG_WARN_INT_CONVERSION = YES;
				CLANG_WARN_NON_LITERAL_NULL_CONVERSION = YES;
				CLANG_WARN_OBJC_IMPLICIT_RETAIN_SELF = YES;
				CLANG_WARN_OBJC_LITERAL_CONVERSION = YES;
				CLANG_WARN_OBJC_ROOT_CLASS = YES_ERROR;
				CLANG_WARN_QUOTED_INCLUDE_IN_FRAMEWORK_HEADER = YES;
				CLANG_WARN_RANGE_LOOP_ANALYSIS = YES;
				CLANG_WARN_STRICT_PROTOTYPES = YES;
				CLANG_WARN_SUSPICIOUS_MOVE = YES;
				CLANG_WARN_UNGUARDED_AVAILABILITY = YES_AGGRESSIVE;
				CLANG_WARN_UNREACHABLE_CODE = YES;
				CLANG_WARN__DUPLICATE_METHOD_MATCH = YES;
				COPY_PHASE_STRIP = NO;
				DEBUG_INFORMATION_FORMAT = dwarf;
				ENABLE_STRICT_OBJC_MSGSEND = YES;
				ENABLE_TESTABILITY = YES;
				GCC_C_LANGUAGE_STANDARD = gnu11;
				GCC_DYNAMIC_NO_PIC = NO;
				GCC_NO_COMMON_BLOCKS = YES;
				GCC_OPTIMIZATION_LEVEL = 0;
				GCC_PREPROCESSOR_DEFINITIONS = (
					"DEBUG=1",
					"$(inherited)",
				);
				GCC_WARN_64_TO_32_BIT_CONVERSION = YES;
				GCC_WARN_ABOUT_RETURN_TYPE = YES_ERROR;
				GCC_WARN_UNDECLARED_SELECTOR = YES;
				GCC_WARN_UNINITIALIZED_AUTOS = YES_AGGRESSIVE;
				GCC_WARN_UNUSED_FUNCTION = YES;
				GCC_WARN_UNUSED_VARIABLE = YES;
				MACOSX_DEPLOYMENT_TARGET = 13.3;
				MTL_ENABLE_DEBUG_INFO = INCLUDE_SOURCE;
				MTL_FAST_MATH = YES;
				ONLY_ACTIVE_ARCH = YES;
				SDKROOT = macosx;
				SWIFT_ACTIVE_COMPILATION_CONDITIONS = DEBUG;
				SWIFT_OPTIMIZATION_LEVEL = "-Onone";
			};
			name = Debug;
		};
		0E978D4629F5F1FC0087F857 /* Release */ = {
			isa = XCBuildConfiguration;
			buildSettings = {
				ALWAYS_SEARCH_USER_PATHS = NO;
				CLANG_ANALYZER_NONNULL = YES;
				CLANG_ANALYZER_NUMBER_OBJECT_CONVERSION = YES_AGGRESSIVE;
				CLANG_CXX_LANGUAGE_STANDARD = "gnu++20";
				CLANG_ENABLE_MODULES = YES;
				CLANG_ENABLE_OBJC_ARC = YES;
				CLANG_ENABLE_OBJC_WEAK = YES;
				CLANG_WARN_BLOCK_CAPTURE_AUTORELEASING = YES;
				CLANG_WARN_BOOL_CONVERSION = YES;
				CLANG_WARN_COMMA = YES;
				CLANG_WARN_CONSTANT_CONVERSION = YES;
				CLANG_WARN_DEPRECATED_OBJC_IMPLEMENTATIONS = YES;
				CLANG_WARN_DIRECT_OBJC_ISA_USAGE = YES_ERROR;
				CLANG_WARN_DOCUMENTATION_COMMENTS = YES;
				CLANG_WARN_EMPTY_BODY = YES;
				CLANG_WARN_ENUM_CONVERSION = YES;
				CLANG_WARN_INFINITE_RECURSION = YES;
				CLANG_WARN_INT_CONVERSION = YES;
				CLANG_WARN_NON_LITERAL_NULL_CONVERSION = YES;
				CLANG_WARN_OBJC_IMPLICIT_RETAIN_SELF = YES;
				CLANG_WARN_OBJC_LITERAL_CONVERSION = YES;
				CLANG_WARN_OBJC_ROOT_CLASS = YES_ERROR;
				CLANG_WARN_QUOTED_INCLUDE_IN_FRAMEWORK_HEADER = YES;
				CLANG_WARN_RANGE_LOOP_ANALYSIS = YES;
				CLANG_WARN_STRICT_PROTOTYPES = YES;
				CLANG_WARN_SUSPICIOUS_MOVE = YES;
				CLANG_WARN_UNGUARDED_AVAILABILITY = YES_AGGRESSIVE;
				CLANG_WARN_UNREACHABLE_CODE = YES;
				CLANG_WARN__DUPLICATE_METHOD_MATCH = YES;
				COPY_PHASE_STRIP = NO;
				DEBUG_INFORMATION_FORMAT = "dwarf-with-dsym";
				ENABLE_NS_ASSERTIONS = NO;
				ENABLE_STRICT_OBJC_MSGSEND = YES;
				GCC_C_LANGUAGE_STANDARD = gnu11;
				GCC_NO_COMMON_BLOCKS = YES;
				GCC_WARN_64_TO_32_BIT_CONVERSION = YES;
				GCC_WARN_ABOUT_RETURN_TYPE = YES_ERROR;
				GCC_WARN_UNDECLARED_SELECTOR = YES;
				GCC_WARN_UNINITIALIZED_AUTOS = YES_AGGRESSIVE;
				GCC_WARN_UNUSED_FUNCTION = YES;
				GCC_WARN_UNUSED_VARIABLE = YES;
				MACOSX_DEPLOYMENT_TARGET = 13.3;
				MTL_ENABLE_DEBUG_INFO = NO;
				MTL_FAST_MATH = YES;
				SDKROOT = macosx;
				SWIFT_COMPILATION_MODE = wholemodule;
				SWIFT_OPTIMIZATION_LEVEL = "-O";
			};
			name = Release;
		};
		0E978D4829F5F1FC0087F857 /* Debug */ = {
			isa = XCBuildConfiguration;
			buildSettings = {
				CODE_SIGN_STYLE = Automatic;
				DEVELOPMENT_TEAM = 92YDTRVDUA;
				ENABLE_HARDENED_RUNTIME = YES;
				PRODUCT_NAME = "$(TARGET_NAME)";
				SWIFT_VERSION = 5.0;
			};
			name = Debug;
		};
		0E978D4929F5F1FC0087F857 /* Release */ = {
			isa = XCBuildConfiguration;
			buildSettings = {
				CODE_SIGN_STYLE = Automatic;
				DEVELOPMENT_TEAM = 92YDTRVDUA;
				ENABLE_HARDENED_RUNTIME = YES;
				PRODUCT_NAME = "$(TARGET_NAME)";
				SWIFT_VERSION = 5.0;
			};
			name = Release;
		};
/* End XCBuildConfiguration section */

/* Begin XCConfigurationList section */
		0E65736329F69E8A00D76A9C /* Build configuration list for PBXNativeTarget "MyCreditManagerTests" */ = {
			isa = XCConfigurationList;
			buildConfigurations = (
				0E65736429F69E8A00D76A9C /* Debug */,
				0E65736529F69E8A00D76A9C /* Release */,
			);
			defaultConfigurationIsVisible = 0;
			defaultConfigurationName = Release;
		};
		0E978D3B29F5F1FC0087F857 /* Build configuration list for PBXProject "MyCreditManager" */ = {
			isa = XCConfigurationList;
			buildConfigurations = (
				0E978D4529F5F1FC0087F857 /* Debug */,
				0E978D4629F5F1FC0087F857 /* Release */,
			);
			defaultConfigurationIsVisible = 0;
			defaultConfigurationName = Release;
		};
		0E978D4729F5F1FC0087F857 /* Build configuration list for PBXNativeTarget "MyCreditManager" */ = {
			isa = XCConfigurationList;
			buildConfigurations = (
				0E978D4829F5F1FC0087F857 /* Debug */,
				0E978D4929F5F1FC0087F857 /* Release */,
			);
			defaultConfigurationIsVisible = 0;
			defaultConfigurationName = Release;
		};
/* End XCConfigurationList section */
	};
	rootObject = 0E978D3829F5F1FC0087F857 /* Project object */;
}
